
Microsoft Visual Studio Solution File, Format Version 12.00
# Visual Studio 15
VisualStudioVersion = 15.0.26430.6
MinimumVisualStudioVersion = 10.0.40219.1
Project("{FAE04EC0-301F-11D3-BF4B-00C04F79EFBC}") = "TBSF.Core", "TBSF.Core\TBSF.Core.csproj", "{C87E1EE5-FCC9-4CE7-8453-B00A9CD21000}"
EndProject
Project("{FAE04EC0-301F-11D3-BF4B-00C04F79EFBC}") = "TBSF.Refdata.Entities", "TBSF.Refdata.Entities\TBSF.Refdata.Entities.csproj", "{32A43EE3-A86A-4F3A-A1F2-E5B2C9302C6A}"
EndProject
Project("{FAE04EC0-301F-11D3-BF4B-00C04F79EFBC}") = "TBSF.Refdata.DataAccess", "TBSF.Refdata.DataAccess\TBSF.Refdata.DataAccess.csproj", "{516F5F60-720F-4D02-9085-8D98AF362C67}"
EndProject
Project("{FAE04EC0-301F-11D3-BF4B-00C04F79EFBC}") = "TBSF.Refdata.Business", "TBSF.Refdata.Business\TBSF.Refdata.Business.csproj", "{B8EA902B-69FB-4F5A-AE1A-82CAD7FCB632}"
EndProject
Project("{FAE04EC0-301F-11D3-BF4B-00C04F79EFBC}") = "TBSF.MVCWebUi", "TBSF.MVCWebUi\TBSF.MVCWebUi.csproj", "{E7755703-784E-4A2C-AF0D-44CDF1410AC7}"
EndProject
Global
	GlobalSection(SolutionConfigurationPlatforms) = preSolution
		Debug|Any CPU = Debug|Any CPU
		Release|Any CPU = Release|Any CPU
	EndGlobalSection
	GlobalSection(ProjectConfigurationPlatforms) = postSolution
		{C87E1EE5-FCC9-4CE7-8453-B00A9CD21000}.Debug|Any CPU.ActiveCfg = Debug|Any CPU
		{C87E1EE5-FCC9-4CE7-8453-B00A9CD21000}.Debug|Any CPU.Build.0 = Debug|Any CPU
		{C87E1EE5-FCC9-4CE7-8453-B00A9CD21000}.Release|Any CPU.ActiveCfg = Release|Any CPU
		{C87E1EE5-FCC9-4CE7-8453-B00A9CD21000}.Release|Any CPU.Build.0 = Release|Any CPU
		{32A43EE3-A86A-4F3A-A1F2-E5B2C9302C6A}.Debug|Any CPU.ActiveCfg = Debug|Any CPU
		{32A43EE3-A86A-4F3A-A1F2-E5B2C9302C6A}.Debug|Any CPU.Build.0 = Debug|Any CPU
		{32A43EE3-A86A-4F3A-A1F2-E5B2C9302C6A}.Release|Any CPU.ActiveCfg = Release|Any CPU
		{32A43EE3-A86A-4F3A-A1F2-E5B2C9302C6A}.Release|Any CPU.Build.0 = Release|Any CPU
		{516F5F60-720F-4D02-9085-8D98AF362C67}.Debug|Any CPU.ActiveCfg = Debug|Any CPU
		{516F5F60-720F-4D02-9085-8D98AF362C67}.Debug|Any CPU.Build.0 = Debug|Any CPU
		{516F5F60-720F-4D02-9085-8D98AF362C67}.Release|Any CPU.ActiveCfg = Release|Any CPU
		{516F5F60-720F-4D02-9085-8D98AF362C67}.Release|Any CPU.Build.0 = Release|Any CPU
		{B8EA902B-69FB-4F5A-AE1A-82CAD7FCB632}.Debug|Any CPU.ActiveCfg = Debug|Any CPU
		{B8EA902B-69FB-4F5A-AE1A-82CAD7FCB632}.Debug|Any CPU.Build.0 = Debug|Any CPU
		{B8EA902B-69FB-4F5A-AE1A-82CAD7FCB632}.Release|Any CPU.ActiveCfg = Release|Any CPU
		{B8EA902B-69FB-4F5A-AE1A-82CAD7FCB632}.Release|Any CPU.Build.0 = Release|Any CPU
		{E7755703-784E-4A2C-AF0D-44CDF1410AC7}.Debug|Any CPU.ActiveCfg = Debug|Any CPU
		{E7755703-784E-4A2C-AF0D-44CDF1410AC7}.Debug|Any CPU.Build.0 = Debug|Any CPU
		{E7755703-784E-4A2C-AF0D-44CDF1410AC7}.Release|Any CPU.ActiveCfg = Release|Any CPU
		{E7755703-784E-4A2C-AF0D-44CDF1410AC7}.Release|Any CPU.Build.0 = Release|Any CPU
	EndGlobalSection
	GlobalSection(SolutionProperties) = preSolution
		HideSolutionNode = FALSE
	EndGlobalSection
EndGlobal
